{
  "name": "bathymetry",
  "requires": true,
  "lockfileVersion": 1,
  "dependencies": {
    "c3": {
      "version": "0.4.14",
      "resolved": "https://registry.npmjs.org/c3/-/c3-0.4.14.tgz",
      "integrity": "sha1-+RIyxEwaYZmi9FZl43utGmegpn8=",
      "requires": {
        "d3": "3.5.17"
      }
    },
    "chroma-js": {
      "version": "1.3.4",
      "resolved": "https://registry.npmjs.org/chroma-js/-/chroma-js-1.3.4.tgz",
      "integrity": "sha1-k6fBnyh5YChcw/3rsgW46hoPBPk="
    },
    "d3": {
      "version": "3.5.17",
      "resolved": "https://registry.npmjs.org/d3/-/d3-3.5.17.tgz",
      "integrity": "sha1-vEZ0gAQ3iyGjYMn8fPUjF5B2L7g="
    }
  }
}
